
Microsoft Visual Studio Solution File, Format Version 12.00
# Visual Studio Version 17
VisualStudioVersion = 17.7.34009.444
MinimumVisualStudioVersion = 10.0.40219.1
Project("{9A19103F-16F7-4668-BE54-9A1E7A4F7556}") = "CleanParser", "CleanParser\CleanParser.csproj", "{EA1F00DE-9E04-4AA6-AAFF-65AFEE87653B}"
EndProject
Project("{9A19103F-16F7-4668-BE54-9A1E7A4F7556}") = "CleanParser.Tests.Unit", "CleanParser.Tests.Unit\CleanParser.Tests.Unit.csproj", "{0886BD3E-B893-4FBA-96F1-DB5A7D0D710E}"
EndProject
Project("{9A19103F-16F7-4668-BE54-9A1E7A4F7556}") = "CleanParser.Infrastructure.Build", "CleanParser.Infrastructure.Build\CleanParser.Infrastructure.Build.csproj", "{6C4D890E-023C-4924-91DC-A010C4791B34}"
EndProject
Project("{FAE04EC0-301F-11D3-BF4B-00C04F79EFBC}") = "CleanParser.Testing.App", "CleanParser.Test.App\CleanParser.Testing.App.csproj", "{61D53E95-606D-4C78-BE18-F60796756E8D}"
EndProject
Global
	GlobalSection(SolutionConfigurationPlatforms) = preSolution
		Debug|Any CPU = Debug|Any CPU
		Release|Any CPU = Release|Any CPU
	EndGlobalSection
	GlobalSection(ProjectConfigurationPlatforms) = postSolution
		{EA1F00DE-9E04-4AA6-AAFF-65AFEE87653B}.Debug|Any CPU.ActiveCfg = Debug|Any CPU
		{EA1F00DE-9E04-4AA6-AAFF-65AFEE87653B}.Debug|Any CPU.Build.0 = Debug|Any CPU
		{EA1F00DE-9E04-4AA6-AAFF-65AFEE87653B}.Release|Any CPU.ActiveCfg = Release|Any CPU
		{EA1F00DE-9E04-4AA6-AAFF-65AFEE87653B}.Release|Any CPU.Build.0 = Release|Any CPU
		{0886BD3E-B893-4FBA-96F1-DB5A7D0D710E}.Debug|Any CPU.ActiveCfg = Debug|Any CPU
		{0886BD3E-B893-4FBA-96F1-DB5A7D0D710E}.Debug|Any CPU.Build.0 = Debug|Any CPU
		{0886BD3E-B893-4FBA-96F1-DB5A7D0D710E}.Release|Any CPU.ActiveCfg = Release|Any CPU
		{0886BD3E-B893-4FBA-96F1-DB5A7D0D710E}.Release|Any CPU.Build.0 = Release|Any CPU
		{6C4D890E-023C-4924-91DC-A010C4791B34}.Debug|Any CPU.ActiveCfg = Debug|Any CPU
		{6C4D890E-023C-4924-91DC-A010C4791B34}.Debug|Any CPU.Build.0 = Debug|Any CPU
		{6C4D890E-023C-4924-91DC-A010C4791B34}.Release|Any CPU.ActiveCfg = Release|Any CPU
		{6C4D890E-023C-4924-91DC-A010C4791B34}.Release|Any CPU.Build.0 = Release|Any CPU
		{61D53E95-606D-4C78-BE18-F60796756E8D}.Debug|Any CPU.ActiveCfg = Debug|Any CPU
		{61D53E95-606D-4C78-BE18-F60796756E8D}.Debug|Any CPU.Build.0 = Debug|Any CPU
		{61D53E95-606D-4C78-BE18-F60796756E8D}.Release|Any CPU.ActiveCfg = Release|Any CPU
		{61D53E95-606D-4C78-BE18-F60796756E8D}.Release|Any CPU.Build.0 = Release|Any CPU
	EndGlobalSection
	GlobalSection(SolutionProperties) = preSolution
		HideSolutionNode = FALSE
	EndGlobalSection
	GlobalSection(ExtensibilityGlobals) = postSolution
		SolutionGuid = {EE505F78-D898-44D3-A213-BFD7E433FFD7}
	EndGlobalSection
EndGlobal
